
Microsoft Visual Studio Solution File, Format Version 12.00
# Visual Studio Version 16
VisualStudioVersion = 16.0.30611.23
MinimumVisualStudioVersion = 10.0.40219.1
Project("{FAE04EC0-301F-11D3-BF4B-00C04F79EFBC}") = "MyFirstApp", "MyFirstApp.csproj", "{A6F87850-A543-4957-BCDF-9F4B1B3D3D58}"
EndProject
Global
	GlobalSection(SolutionConfigurationPlatforms) = preSolution
		Debug|Any CPU = Debug|Any CPU
		Release|Any CPU = Release|Any CPU
	EndGlobalSection
	GlobalSection(ProjectConfigurationPlatforms) = postSolution
		{A6F87850-A543-4957-BCDF-9F4B1B3D3D58}.Debug|Any CPU.ActiveCfg = Debug|Any CPU
		{A6F87850-A543-4957-BCDF-9F4B1B3D3D58}.Debug|Any CPU.Build.0 = Debug|Any CPU
		{A6F87850-A543-4957-BCDF-9F4B1B3D3D58}.Release|Any CPU.ActiveCfg = Release|Any CPU
		{A6F87850-A543-4957-BCDF-9F4B1B3D3D58}.Release|Any CPU.Build.0 = Release|Any CPU
	EndGlobalSection
	GlobalSection(SolutionProperties) = preSolution
		HideSolutionNode = FALSE
	EndGlobalSection
	GlobalSection(ExtensibilityGlobals) = postSolution
		SolutionGuid = {CCF9A340-4F1E-403E-B3B3-B425FA54E88D}
	EndGlobalSection
EndGlobal
